// !$*UTF8*$!
{
	archiveVersion = 1;
	classes = {
	};
	objectVersion = 48;
	objects = {

/* Begin PBXBuildFile section */
		C5A60D6E204A7C2700C82110 /* AppDelegate.m in Sources */ = {isa = PBXBuildFile; fileRef = C5A60D6D204A7C2700C82110 /* AppDelegate.m */; };
		C5A60D70204A7C2700C82110 /* Assets.xcassets in Resources */ = {isa = PBXBuildFile; fileRef = C5A60D6F204A7C2700C82110 /* Assets.xcassets */; };
		C5A60D73204A7C2700C82110 /* LaunchScreen.storyboard in Resources */ = {isa = PBXBuildFile; fileRef = C5A60D71204A7C2700C82110 /* LaunchScreen.storyboard */; };
		C5A60D76204A7C2700C82110 /* main.m in Sources */ = {isa = PBXBuildFile; fileRef = C5A60D75204A7C2700C82110 /* main.m */; };
		C5A60D80204A7C2700C82110 /* LoginMachineTests.m in Sources */ = {isa = PBXBuildFile; fileRef = C5A60D7F204A7C2700C82110 /* LoginMachineTests.m */; };
		C5A60D8B204A7C2700C82110 /* LoginMachineUITests.m in Sources */ = {isa = PBXBuildFile; fileRef = C5A60D8A204A7C2700C82110 /* LoginMachineUITests.m */; };
		C5A60D9B204A7CBD00C82110 /* LoginStateMachine.m in Sources */ = {isa = PBXBuildFile; fileRef = C5A60D9A204A7CBD00C82110 /* LoginStateMachine.m */; };
/* End PBXBuildFile section */

/* Begin PBXContainerItemProxy section */
		C5A60D7C204A7C2700C82110 /* PBXContainerItemProxy */ = {
			isa = PBXContainerItemProxy;
			containerPortal = C5A60D61204A7C2700C82110 /* Project object */;
			proxyType = 1;
			remoteGlobalIDString = C5A60D68204A7C2700C82110;
			remoteInfo = LoginMachine;
		};
		C5A60D87204A7C2700C82110 /* PBXContainerItemProxy */ = {
			isa = PBXContainerItemProxy;
			containerPortal = C5A60D61204A7C2700C82110 /* Project object */;
			proxyType = 1;
			remoteGlobalIDString = C5A60D68204A7C2700C82110;
			remoteInfo = LoginMachine;
		};
/* End PBXContainerItemProxy section */

/* Begin PBXFileReference section */
		C5A60D69204A7C2700C82110 /* LoginMachine.app */ = {isa = PBXFileReference; explicitFileType = wrapper.application; includeInIndex = 0; path = LoginMachine.app; sourceTree = BUILT_PRODUCTS_DIR; };
		C5A60D6C204A7C2700C82110 /* AppDelegate.h */ = {isa = PBXFileReference; lastKnownFileType = sourcecode.c.h; path = AppDelegate.h; sourceTree = "<group>"; };
		C5A60D6D204A7C2700C82110 /* AppDelegate.m */ = {isa = PBXFileReference; lastKnownFileType = sourcecode.c.objc; path = AppDelegate.m; sourceTree = "<group>"; };
		C5A60D6F204A7C2700C82110 /* Assets.xcassets */ = {isa = PBXFileReference; lastKnownFileType = folder.assetcatalog; path = Assets.xcassets; sourceTree = "<group>"; };
		C5A60D72204A7C2700C82110 /* Base */ = {isa = PBXFileReference; lastKnownFileType = file.storyboard; name = Base; path = Base.lproj/LaunchScreen.storyboard; sourceTree = "<group>"; };
		C5A60D74204A7C2700C82110 /* Info.plist */ = {isa = PBXFileReference; lastKnownFileType = text.plist.xml; path = Info.plist; sourceTree = "<group>"; };
		C5A60D75204A7C2700C82110 /* main.m */ = {isa = PBXFileReference; lastKnownFileType = sourcecode.c.objc; path = main.m; sourceTree = "<group>"; };
		C5A60D7B204A7C2700C82110 /* LoginMachineTests.xctest */ = {isa = PBXFileReference; explicitFileType = wrapper.cfbundle; includeInIndex = 0; path = LoginMachineTests.xctest; sourceTree = BUILT_PRODUCTS_DIR; };
		C5A60D7F204A7C2700C82110 /* LoginMachineTests.m */ = {isa = PBXFileReference; lastKnownFileType = sourcecode.c.objc; path = LoginMachineTests.m; sourceTree = "<group>"; };
		C5A60D81204A7C2700C82110 /* Info.plist */ = {isa = PBXFileReference; lastKnownFileType = text.plist.xml; path = Info.plist; sourceTree = "<group>"; };
		C5A60D86204A7C2700C82110 /* LoginMachineUITests.xctest */ = {isa = PBXFileReference; explicitFileType = wrapper.cfbundle; includeInIndex = 0; path = LoginMachineUITests.xctest; sourceTree = BUILT_PRODUCTS_DIR; };
		C5A60D8A204A7C2700C82110 /* LoginMachineUITests.m */ = {isa = PBXFileReference; lastKnownFileType = sourcecode.c.objc; path = LoginMachineUITests.m; sourceTree = "<group>"; };
		C5A60D8C204A7C2700C82110 /* Info.plist */ = {isa = PBXFileReference; lastKnownFileType = text.plist.xml; path = Info.plist; sourceTree = "<group>"; };
		C5A60D99204A7CBD00C82110 /* LoginStateMachine.h */ = {isa = PBXFileReference; fileEncoding = 4; lastKnownFileType = sourcecode.c.h; path = LoginStateMachine.h; sourceTree = "<group>"; };
		C5A60D9A204A7CBD00C82110 /* LoginStateMachine.m */ = {isa = PBXFileReference; fileEncoding = 4; lastKnownFileType = sourcecode.c.objc; path = LoginStateMachine.m; sourceTree = "<group>"; };
/* End PBXFileReference section */

/* Begin PBXFrameworksBuildPhase section */
		C5A60D66204A7C2700C82110 /* Frameworks */ = {
			isa = PBXFrameworksBuildPhase;
			buildActionMask = 2147483647;
			files = (
			);
			runOnlyForDeploymentPostprocessing = 0;
		};
		C5A60D78204A7C2700C82110 /* Frameworks */ = {
			isa = PBXFrameworksBuildPhase;
			buildActionMask = 2147483647;
			files = (
			);
			runOnlyForDeploymentPostprocessing = 0;
		};
		C5A60D83204A7C2700C82110 /* Frameworks */ = {
			isa = PBXFrameworksBuildPhase;
			buildActionMask = 2147483647;
			files = (
			);
			runOnlyForDeploymentPostprocessing = 0;
		};
/* End PBXFrameworksBuildPhase section */

/* Begin PBXGroup section */
		C5A60D60204A7C2700C82110 = {
			isa = PBXGroup;
			children = (
				C5A60D6B204A7C2700C82110 /* LoginMachine */,
				C5A60D7E204A7C2700C82110 /* LoginMachineTests */,
				C5A60D89204A7C2700C82110 /* LoginMachineUITests */,
				C5A60D6A204A7C2700C82110 /* Products */,
			);
			sourceTree = "<group>";
		};
		C5A60D6A204A7C2700C82110 /* Products */ = {
			isa = PBXGroup;
			children = (
				C5A60D69204A7C2700C82110 /* LoginMachine.app */,
				C5A60D7B204A7C2700C82110 /* LoginMachineTests.xctest */,
				C5A60D86204A7C2700C82110 /* LoginMachineUITests.xctest */,
			);
			name = Products;
			sourceTree = "<group>";
		};
		C5A60D6B204A7C2700C82110 /* LoginMachine */ = {
			isa = PBXGroup;
			children = (
				C5A60D98204A7CBD00C82110 /* Login */,
				C5A60D6C204A7C2700C82110 /* AppDelegate.h */,
				C5A60D6D204A7C2700C82110 /* AppDelegate.m */,
				C5A60D6F204A7C2700C82110 /* Assets.xcassets */,
				C5A60D71204A7C2700C82110 /* LaunchScreen.storyboard */,
				C5A60D74204A7C2700C82110 /* Info.plist */,
				C5A60D75204A7C2700C82110 /* main.m */,
			);
			path = LoginMachine;
			sourceTree = "<group>";
		};
		C5A60D7E204A7C2700C82110 /* LoginMachineTests */ = {
			isa = PBXGroup;
			children = (
				C5A60D7F204A7C2700C82110 /* LoginMachineTests.m */,
				C5A60D81204A7C2700C82110 /* Info.plist */,
			);
			path = LoginMachineTests;
			sourceTree = "<group>";
		};
		C5A60D89204A7C2700C82110 /* LoginMachineUITests */ = {
			isa = PBXGroup;
			children = (
				C5A60D8A204A7C2700C82110 /* LoginMachineUITests.m */,
				C5A60D8C204A7C2700C82110 /* Info.plist */,
			);
			path = LoginMachineUITests;
			sourceTree = "<group>";
		};
		C5A60D98204A7CBD00C82110 /* Login */ = {
			isa = PBXGroup;
			children = (
				C5A60D99204A7CBD00C82110 /* LoginStateMachine.h */,
				C5A60D9A204A7CBD00C82110 /* LoginStateMachine.m */,
			);
			path = Login;
			sourceTree = "<group>";
		};
/* End PBXGroup section */

/* Begin PBXNativeTarget section */
		C5A60D68204A7C2700C82110 /* LoginMachine */ = {
			isa = PBXNativeTarget;
			buildConfigurationList = C5A60D8F204A7C2700C82110 /* Build configuration list for PBXNativeTarget "LoginMachine" */;
			buildPhases = (
				C5A60D65204A7C2700C82110 /* Sources */,
				C5A60D66204A7C2700C82110 /* Frameworks */,
				C5A60D67204A7C2700C82110 /* Resources */,
			);
			buildRules = (
			);
			dependencies = (
			);
			name = LoginMachine;
			productName = LoginMachine;
			productReference = C5A60D69204A7C2700C82110 /* LoginMachine.app */;
			productType = "com.apple.product-type.application";
		};
		C5A60D7A204A7C2700C82110 /* LoginMachineTests */ = {
			isa = PBXNativeTarget;
			buildConfigurationList = C5A60D92204A7C2700C82110 /* Build configuration list for PBXNativeTarget "LoginMachineTests" */;
			buildPhases = (
				C5A60D77204A7C2700C82110 /* Sources */,
				C5A60D78204A7C2700C82110 /* Frameworks */,
				C5A60D79204A7C2700C82110 /* Resources */,
			);
			buildRules = (
			);
			dependencies = (
				C5A60D7D204A7C2700C82110 /* PBXTargetDependency */,
			);
			name = LoginMachineTests;
			productName = LoginMachineTests;
			productReference = C5A60D7B204A7C2700C82110 /* LoginMachineTests.xctest */;
			productType = "com.apple.product-type.bundle.unit-test";
		};
		C5A60D85204A7C2700C82110 /* LoginMachineUITests */ = {
			isa = PBXNativeTarget;
			buildConfigurationList = C5A60D95204A7C2700C82110 /* Build configuration list for PBXNativeTarget "LoginMachineUITests" */;
			buildPhases = (
				C5A60D82204A7C2700C82110 /* Sources */,
				C5A60D83204A7C2700C82110 /* Frameworks */,
				C5A60D84204A7C2700C82110 /* Resources */,
			);
			buildRules = (
			);
			dependencies = (
				C5A60D88204A7C2700C82110 /* PBXTargetDependency */,
			);
			name = LoginMachineUITests;
			productName = LoginMachineUITests;
			productReference = C5A60D86204A7C2700C82110 /* LoginMachineUITests.xctest */;
			productType = "com.apple.product-type.bundle.ui-testing";
		};
/* End PBXNativeTarget section */

/* Begin PBXProject section */
		C5A60D61204A7C2700C82110 /* Project object */ = {
			isa = PBXProject;
			attributes = {
				LastUpgradeCheck = 0920;
				ORGANIZATIONNAME = BarnettWu;
				TargetAttributes = {
					C5A60D68204A7C2700C82110 = {
						CreatedOnToolsVersion = 9.2;
						ProvisioningStyle = Automatic;
					};
					C5A60D7A204A7C2700C82110 = {
						CreatedOnToolsVersion = 9.2;
						ProvisioningStyle = Automatic;
						TestTargetID = C5A60D68204A7C2700C82110;
					};
					C5A60D85204A7C2700C82110 = {
						CreatedOnToolsVersion = 9.2;
						ProvisioningStyle = Automatic;
						TestTargetID = C5A60D68204A7C2700C82110;
					};
				};
			};
			buildConfigurationList = C5A60D64204A7C2700C82110 /* Build configuration list for PBXProject "LoginMachine" */;
			compatibilityVersion = "Xcode 8.0";
			developmentRegion = en;
			hasScannedForEncodings = 0;
			knownRegions = (
				en,
				Base,
			);
			mainGroup = C5A60D60204A7C2700C82110;
			productRefGroup = C5A60D6A204A7C2700C82110 /* Products */;
			projectDirPath = "";
			projectRoot = "";
			targets = (
				C5A60D68204A7C2700C82110 /* LoginMachine */,
				C5A60D7A204A7C2700C82110 /* LoginMachineTests */,
				C5A60D85204A7C2700C82110 /* LoginMachineUITests */,
			);
		};
/* End PBXProject section */

/* Begin PBXResourcesBuildPhase section */
		C5A60D67204A7C2700C82110 /* Resources */ = {
			isa = PBXResourcesBuildPhase;
			buildActionMask = 2147483647;
			files = (
				C5A60D70204A7C2700C82110 /* Assets.xcassets in Resources */,
				C5A60D73204A7C2700C82110 /* LaunchScreen.storyboard in Resources */,
			);
			runOnlyForDeploymentPostprocessing = 0;
		};
		C5A60D79204A7C2700C82110 /* Resources */ = {
			isa = PBXResourcesBuildPhase;
			buildActionMask = 2147483647;
			files = (
			);
			runOnlyForDeploymentPostprocessing = 0;
		};
		C5A60D84204A7C2700C82110 /* Resources */ = {
			isa = PBXResourcesBuildPhase;
			buildActionMask = 2147483647;
			files = (
			);
			runOnlyForDeploymentPostprocessing = 0;
		};
/* End PBXResourcesBuildPhase section */

/* Begin PBXSourcesBuildPhase section */
		C5A60D65204A7C2700C82110 /* Sources */ = {
			isa = PBXSourcesBuildPhase;
			buildActionMask = 2147483647;
			files = (
				C5A60D76204A7C2700C82110 /* main.m in Sources */,
				C5A60D9B204A7CBD00C82110 /* LoginStateMachine.m in Sources */,
				C5A60D6E204A7C2700C82110 /* AppDelegate.m in Sources */,
			);
			runOnlyForDeploymentPostprocessing = 0;
		};
		C5A60D77204A7C2700C82110 /* Sources */ = {
			isa = PBXSourcesBuildPhase;
			buildActionMask = 2147483647;
			files = (
				C5A60D80204A7C2700C82110 /* LoginMachineTests.m in Sources */,
			);
			runOnlyForDeploymentPostprocessing = 0;
		};
		C5A60D82204A7C2700C82110 /* Sources */ = {
			isa = PBXSourcesBuildPhase;
			buildActionMask = 2147483647;
			files = (
				C5A60D8B204A7C2700C82110 /* LoginMachineUITests.m in Sources */,
			);
			runOnlyForDeploymentPostprocessing = 0;
		};
/* End PBXSourcesBuildPhase section */

/* Begin PBXTargetDependency section */
		C5A60D7D204A7C2700C82110 /* PBXTargetDependency */ = {
			isa = PBXTargetDependency;
			target = C5A60D68204A7C2700C82110 /* LoginMachine */;
			targetProxy = C5A60D7C204A7C2700C82110 /* PBXContainerItemProxy */;
		};
		C5A60D88204A7C2700C82110 /* PBXTargetDependency */ = {
			isa = PBXTargetDependency;
			target = C5A60D68204A7C2700C82110 /* LoginMachine */;
			targetProxy = C5A60D87204A7C2700C82110 /* PBXContainerItemProxy */;
		};
/* End PBXTargetDependency section */

/* Begin PBXVariantGroup section */
		C5A60D71204A7C2700C82110 /* LaunchScreen.storyboard */ = {
			isa = PBXVariantGroup;
			children = (
				C5A60D72204A7C2700C82110 /* Base */,
			);
			name = LaunchScreen.storyboard;
			sourceTree = "<group>";
		};
/* End PBXVariantGroup section */

/* Begin XCBuildConfiguration section */
		C5A60D8D204A7C2700C82110 /* Debug */ = {
			isa = XCBuildConfiguration;
			buildSettings = {
				ALWAYS_SEARCH_USER_PATHS = NO;
				CLANG_ANALYZER_NONNULL = YES;
				CLANG_ANALYZER_NUMBER_OBJECT_CONVERSION = YES_AGGRESSIVE;
				CLANG_CXX_LANGUAGE_STANDARD = "gnu++14";
				CLANG_CXX_LIBRARY = "libc++";
				CLANG_ENABLE_MODULES = YES;
				CLANG_ENABLE_OBJC_ARC = YES;
				CLANG_WARN_BLOCK_CAPTURE_AUTORELEASING = YES;
				CLANG_WARN_BOOL_CONVERSION = YES;
				CLANG_WARN_COMMA = YES;
				CLANG_WARN_CONSTANT_CONVERSION = YES;
				CLANG_WARN_DIRECT_OBJC_ISA_USAGE = YES_ERROR;
				CLANG_WARN_DOCUMENTATION_COMMENTS = YES;
				CLANG_WARN_EMPTY_BODY = YES;
				CLANG_WARN_ENUM_CONVERSION = YES;
				CLANG_WARN_INFINITE_RECURSION = YES;
				CLANG_WARN_INT_CONVERSION = YES;
				CLANG_WARN_NON_LITERAL_NULL_CONVERSION = YES;
				CLANG_WARN_OBJC_LITERAL_CONVERSION = YES;
				CLANG_WARN_OBJC_ROOT_CLASS = YES_ERROR;
				CLANG_WARN_RANGE_LOOP_ANALYSIS = YES;
				CLANG_WARN_STRICT_PROTOTYPES = YES;
				CLANG_WARN_SUSPICIOUS_MOVE = YES;
				CLANG_WARN_UNGUARDED_AVAILABILITY = YES_AGGRESSIVE;
				CLANG_WARN_UNREACHABLE_CODE = YES;
				CLANG_WARN__DUPLICATE_METHOD_MATCH = YES;
				CODE_SIGN_IDENTITY = "iPhone Developer";
				COPY_PHASE_STRIP = NO;
				DEBUG_INFORMATION_FORMAT = dwarf;
				ENABLE_STRICT_OBJC_MSGSEND = YES;
				ENABLE_TESTABILITY = YES;
				GCC_C_LANGUAGE_STANDARD = gnu11;
				GCC_DYNAMIC_NO_PIC = NO;
				GCC_NO_COMMON_BLOCKS = YES;
				GCC_OPTIMIZATION_LEVEL = 0;
				GCC_PREPROCESSOR_DEFINITIONS = (
					"DEBUG=1",
					"$(inherited)",
				);
				GCC_WARN_64_TO_32_BIT_CONVERSION = YES;
				GCC_WARN_ABOUT_RETURN_TYPE = YES_ERROR;
				GCC_WARN_UNDECLARED_SELECTOR = YES;
				GCC_WARN_UNINITIALIZED_AUTOS = YES_AGGRESSIVE;
				GCC_WARN_UNUSED_FUNCTION = YES;
				GCC_WARN_UNUSED_VARIABLE = YES;
				IPHONEOS_DEPLOYMENT_TARGET = 11.2;
				MTL_ENABLE_DEBUG_INFO = YES;
				ONLY_ACTIVE_ARCH = YES;
				SDKROOT = iphoneos;
			};
			name = Debug;
		};
		C5A60D8E204A7C2700C82110 /* Release */ = {
			isa = XCBuildConfiguration;
			buildSettings = {
				ALWAYS_SEARCH_USER_PATHS = NO;
				CLANG_ANALYZER_NONNULL = YES;
				CLANG_ANALYZER_NUMBER_OBJECT_CONVERSION = YES_AGGRESSIVE;
				CLANG_CXX_LANGUAGE_STANDARD = "gnu++14";
				CLANG_CXX_LIBRARY = "libc++";
				CLANG_ENABLE_MODULES = YES;
				CLANG_ENABLE_OBJC_ARC = YES;
				CLANG_WARN_BLOCK_CAPTURE_AUTORELEASING = YES;
				CLANG_WARN_BOOL_CONVERSION = YES;
				CLANG_WARN_COMMA = YES;
				CLANG_WARN_CONSTANT_CONVERSION = YES;
				CLANG_WARN_DIRECT_OBJC_ISA_USAGE = YES_ERROR;
				CLANG_WARN_DOCUMENTATION_COMMENTS = YES;
				CLANG_WARN_EMPTY_BODY = YES;
				CLANG_WARN_ENUM_CONVERSION = YES;
				CLANG_WARN_INFINITE_RECURSION = YES;
				CLANG_WARN_INT_CONVERSION = YES;
				CLANG_WARN_NON_LITERAL_NULL_CONVERSION = YES;
				CLANG_WARN_OBJC_LITERAL_CONVERSION = YES;
				CLANG_WARN_OBJC_ROOT_CLASS = YES_ERROR;
				CLANG_WARN_RANGE_LOOP_ANALYSIS = YES;
				CLANG_WARN_STRICT_PROTOTYPES = YES;
				CLANG_WARN_SUSPICIOUS_MOVE = YES;
				CLANG_WARN_UNGUARDED_AVAILABILITY = YES_AGGRESSIVE;
				CLANG_WARN_UNREACHABLE_CODE = YES;
				CLANG_WARN__DUPLICATE_METHOD_MATCH = YES;
				CODE_SIGN_IDENTITY = "iPhone Developer";
				COPY_PHASE_STRIP = NO;
				DEBUG_INFORMATION_FORMAT = "dwarf-with-dsym";
				ENABLE_NS_ASSERTIONS = NO;
				ENABLE_STRICT_OBJC_MSGSEND = YES;
				GCC_C_LANGUAGE_STANDARD = gnu11;
				GCC_NO_COMMON_BLOCKS = YES;
				GCC_WARN_64_TO_32_BIT_CONVERSION = YES;
				GCC_WARN_ABOUT_RETURN_TYPE = YES_ERROR;
				GCC_WARN_UNDECLARED_SELECTOR = YES;
				GCC_WARN_UNINITIALIZED_AUTOS = YES_AGGRESSIVE;
				GCC_WARN_UNUSED_FUNCTION = YES;
				GCC_WARN_UNUSED_VARIABLE = YES;
				IPHONEOS_DEPLOYMENT_TARGET = 11.2;
				MTL_ENABLE_DEBUG_INFO = NO;
				SDKROOT = iphoneos;
				VALIDATE_PRODUCT = YES;
			};
			name = Release;
		};
		C5A60D90204A7C2700C82110 /* Debug */ = {
			isa = XCBuildConfiguration;
			buildSettings = {
				ASSETCATALOG_COMPILER_APPICON_NAME = AppIcon;
				CODE_SIGN_STYLE = Automatic;
				DEVELOPMENT_TEAM = MVDV39EGU3;
				INFOPLIST_FILE = LoginMachine/Info.plist;
				LD_RUNPATH_SEARCH_PATHS = "$(inherited) @executable_path/Frameworks";
				PRODUCT_BUNDLE_IDENTIFIER = com.Dante.LoginMachine;
				PRODUCT_NAME = "$(TARGET_NAME)";
				TARGETED_DEVICE_FAMILY = "1,2";
			};
			name = Debug;
		};
		C5A60D91204A7C2700C82110 /* Release */ = {
			isa = XCBuildConfiguration;
			buildSettings = {
				ASSETCATALOG_COMPILER_APPICON_NAME = AppIcon;
				CODE_SIGN_STYLE = Automatic;
				DEVELOPMENT_TEAM = MVDV39EGU3;
				INFOPLIST_FILE = LoginMachine/Info.plist;
				LD_RUNPATH_SEARCH_PATHS = "$(inherited) @executable_path/Frameworks";
				PRODUCT_BUNDLE_IDENTIFIER = com.Dante.LoginMachine;
				PRODUCT_NAME = "$(TARGET_NAME)";
				TARGETED_DEVICE_FAMILY = "1,2";
			};
			name = Release;
		};
		C5A60D93204A7C2700C82110 /* Debug */ = {
			isa = XCBuildConfiguration;
			buildSettings = {
				BUNDLE_LOADER = "$(TEST_HOST)";
				CODE_SIGN_STYLE = Automatic;
				DEVELOPMENT_TEAM = MVDV39EGU3;
				INFOPLIST_FILE = LoginMachineTests/Info.plist;
				LD_RUNPATH_SEARCH_PATHS = "$(inherited) @executable_path/Frameworks @loader_path/Frameworks";
				PRODUCT_BUNDLE_IDENTIFIER = com.Dante.LoginMachineTests;
				PRODUCT_NAME = "$(TARGET_NAME)";
				TARGETED_DEVICE_FAMILY = "1,2";
				TEST_HOST = "$(BUILT_PRODUCTS_DIR)/LoginMachine.app/LoginMachine";
			};
			name = Debug;
		};
		C5A60D94204A7C2700C82110 /* Release */ = {
			isa = XCBuildConfiguration;
			buildSettings = {
				BUNDLE_LOADER = "$(TEST_HOST)";
				CODE_SIGN_STYLE = Automatic;
				DEVELOPMENT_TEAM = MVDV39EGU3;
				INFOPLIST_FILE = LoginMachineTests/Info.plist;
				LD_RUNPATH_SEARCH_PATHS = "$(inherited) @executable_path/Frameworks @loader_path/Frameworks";
				PRODUCT_BUNDLE_IDENTIFIER = com.Dante.LoginMachineTests;
				PRODUCT_NAME = "$(TARGET_NAME)";
				TARGETED_DEVICE_FAMILY = "1,2";
				TEST_HOST = "$(BUILT_PRODUCTS_DIR)/LoginMachine.app/LoginMachine";
			};
			name = Release;
		};
		C5A60D96204A7C2700C82110 /* Debug */ = {
			isa = XCBuildConfiguration;
			buildSettings = {
				CODE_SIGN_STYLE = Automatic;
				DEVELOPMENT_TEAM = MVDV39EGU3;
				INFOPLIST_FILE = LoginMachineUITests/Info.plist;
				LD_RUNPATH_SEARCH_PATHS = "$(inherited) @executable_path/Frameworks @loader_path/Frameworks";
				PRODUCT_BUNDLE_IDENTIFIER = com.Dante.LoginMachineUITests;
				PRODUCT_NAME = "$(TARGET_NAME)";
				TARGETED_DEVICE_FAMILY = "1,2";
				TEST_TARGET_NAME = LoginMachine;
			};
			name = Debug;
		};
		C5A60D97204A7C2700C82110 /* Release */ = {
			isa = XCBuildConfiguration;
			buildSettings = {
				CODE_SIGN_STYLE = Automatic;
				DEVELOPMENT_TEAM = MVDV39EGU3;
				INFOPLIST_FILE = LoginMachineUITests/Info.plist;
				LD_RUNPATH_SEARCH_PATHS = "$(inherited) @executable_path/Frameworks @loader_path/Frameworks";
				PRODUCT_BUNDLE_IDENTIFIER = com.Dante.LoginMachineUITests;
				PRODUCT_NAME = "$(TARGET_NAME)";
				TARGETED_DEVICE_FAMILY = "1,2";
				TEST_TARGET_NAME = LoginMachine;
			};
			name = Release;
		};
/* End XCBuildConfiguration section */

/* Begin XCConfigurationList section */
		C5A60D64204A7C2700C82110 /* Build configuration list for PBXProject "LoginMachine" */ = {
			isa = XCConfigurationList;
			buildConfigurations = (
				C5A60D8D204A7C2700C82110 /* Debug */,
				C5A60D8E204A7C2700C82110 /* Release */,
			);
			defaultConfigurationIsVisible = 0;
			defaultConfigurationName = Release;
		};
		C5A60D8F204A7C2700C82110 /* Build configuration list for PBXNativeTarget "LoginMachine" */ = {
			isa = XCConfigurationList;
			buildConfigurations = (
				C5A60D90204A7C2700C82110 /* Debug */,
				C5A60D91204A7C2700C82110 /* Release */,
			);
			defaultConfigurationIsVisible = 0;
			defaultConfigurationName = Release;
		};
		C5A60D92204A7C2700C82110 /* Build configuration list for PBXNativeTarget "LoginMachineTests" */ = {
			isa = XCConfigurationList;
			buildConfigurations = (
				C5A60D93204A7C2700C82110 /* Debug */,
				C5A60D94204A7C2700C82110 /* Release */,
			);
			defaultConfigurationIsVisible = 0;
			defaultConfigurationName = Release;
		};
		C5A60D95204A7C2700C82110 /* Build configuration list for PBXNativeTarget "LoginMachineUITests" */ = {
			isa = XCConfigurationList;
			buildConfigurations = (
				C5A60D96204A7C2700C82110 /* Debug */,
				C5A60D97204A7C2700C82110 /* Release */,
			);
			defaultConfigurationIsVisible = 0;
			defaultConfigurationName = Release;
		};
/* End XCConfigurationList section */
	};
	rootObject = C5A60D61204A7C2700C82110 /* Project object */;
}
